// !$*UTF8*$!
{
	archiveVersion = 1;
	classes = {
	};
	objectVersion = 77;
	objects = {

/* Begin PBXBuildFile section */
		271207162F5DA1CD0026819A /* FirebaseAI in Frameworks */ = {isa = PBXBuildFile; productRef = 271207152F5DA1CD0026819A /* FirebaseAI */; };
		271207182F5DA1CD0026819A /* FirebaseAILogic in Frameworks */ = {isa = PBXBuildFile; productRef = 271207172F5DA1CD0026819A /* FirebaseAILogic */; };
		2712071A2F5DA1CD0026819A /* FirebaseAnalytics in Frameworks */ = {isa = PBXBuildFile; productRef = 271207192F5DA1CD0026819A /* FirebaseAnalytics */; };
		2712071C2F5DA1CD0026819A /* FirebaseAnalyticsCore in Frameworks */ = {isa = PBXBuildFile; productRef = 2712071B2F5DA1CD0026819A /* FirebaseAnalyticsCore */; };
		2712071E2F5DA1CD0026819A /* FirebaseAnalyticsIdentitySupport in Frameworks */ = {isa = PBXBuildFile; productRef = 2712071D2F5DA1CD0026819A /* FirebaseAnalyticsIdentitySupport */; };
		271207202F5DA1CD0026819A /* FirebaseAppCheck in Frameworks */ = {isa = PBXBuildFile; productRef = 2712071F2F5DA1CD0026819A /* FirebaseAppCheck */; };
		271207222F5DA1CD0026819A /* FirebaseAppDistribution-Beta in Frameworks */ = {isa = PBXBuildFile; productRef = 271207212F5DA1CD0026819A /* FirebaseAppDistribution-Beta */; };
		271207242F5DA1CD0026819A /* FirebaseAuth in Frameworks */ = {isa = PBXBuildFile; productRef = 271207232F5DA1CD0026819A /* FirebaseAuth */; };
		271207262F5DA1CD0026819A /* FirebaseAuthCombine-Community in Frameworks */ = {isa = PBXBuildFile; productRef = 271207252F5DA1CD0026819A /* FirebaseAuthCombine-Community */; };
		271207282F5DA1CD0026819A /* FirebaseCore in Frameworks */ = {isa = PBXBuildFile; productRef = 271207272F5DA1CD0026819A /* FirebaseCore */; };
		2712072A2F5DA1CD0026819A /* FirebaseCrashlytics in Frameworks */ = {isa = PBXBuildFile; productRef = 271207292F5DA1CD0026819A /* FirebaseCrashlytics */; };
		2712072C2F5DA1CD0026819A /* FirebaseDatabase in Frameworks */ = {isa = PBXBuildFile; productRef = 2712072B2F5DA1CD0026819A /* FirebaseDatabase */; };
		2712072E2F5DA1CD0026819A /* FirebaseFirestore in Frameworks */ = {isa = PBXBuildFile; productRef = 2712072D2F5DA1CD0026819A /* FirebaseFirestore */; };
		271207302F5DA1CD0026819A /* FirebaseFirestoreCombine-Community in Frameworks */ = {isa = PBXBuildFile; productRef = 2712072F2F5DA1CD0026819A /* FirebaseFirestoreCombine-Community */; };
		271207322F5DA1CD0026819A /* FirebaseFunctions in Frameworks */ = {isa = PBXBuildFile; productRef = 271207312F5DA1CD0026819A /* FirebaseFunctions */; };
		271207342F5DA1CD0026819A /* FirebaseFunctionsCombine-Community in Frameworks */ = {isa = PBXBuildFile; productRef = 271207332F5DA1CD0026819A /* FirebaseFunctionsCombine-Community */; };
		271207362F5DA1CD0026819A /* FirebaseInAppMessaging-Beta in Frameworks */ = {isa = PBXBuildFile; productRef = 271207352F5DA1CD0026819A /* FirebaseInAppMessaging-Beta */; };
		271207382F5DA1CD0026819A /* FirebaseInstallations in Frameworks */ = {isa = PBXBuildFile; productRef = 271207372F5DA1CD0026819A /* FirebaseInstallations */; };
		2712073A2F5DA1CD0026819A /* FirebaseMLModelDownloader in Frameworks */ = {isa = PBXBuildFile; productRef = 271207392F5DA1CD0026819A /* FirebaseMLModelDownloader */; };
		2712073C2F5DA1CD0026819A /* FirebaseMessaging in Frameworks */ = {isa = PBXBuildFile; productRef = 2712073B2F5DA1CD0026819A /* FirebaseMessaging */; };
		2712073E2F5DA1CD0026819A /* FirebasePerformance in Frameworks */ = {isa = PBXBuildFile; productRef = 2712073D2F5DA1CD0026819A /* FirebasePerformance */; };
		271207402F5DA1CD0026819A /* FirebaseRemoteConfig in Frameworks */ = {isa = PBXBuildFile; productRef = 2712073F2F5DA1CD0026819A /* FirebaseRemoteConfig */; };
		271207422F5DA1CD0026819A /* FirebaseStorage in Frameworks */ = {isa = PBXBuildFile; productRef = 271207412F5DA1CD0026819A /* FirebaseStorage */; };
		271207442F5DA1CD0026819A /* FirebaseStorageCombine-Community in Frameworks */ = {isa = PBXBuildFile; productRef = 271207432F5DA1CD0026819A /* FirebaseStorageCombine-Community */; };
		2783EF4F2F3579A300F21398 /* GoogleSignIn in Frameworks */ = {isa = PBXBuildFile; productRef = 2783EF4E2F3579A300F21398 /* GoogleSignIn */; };
		2783EF512F3579A300F21398 /* GoogleSignInSwift in Frameworks */ = {isa = PBXBuildFile; productRef = 2783EF502F3579A300F21398 /* GoogleSignInSwift */; };
		27A09D992F5F05F400C05333 /* Localizable.xcstrings in Resources */ = {isa = PBXBuildFile; fileRef = 27A09D982F5F05F400C05333 /* Localizable.xcstrings */; };
		27A09D9B2F5F1D0800C05333 /* VSTEP-Writing-InfoPlist.xcstrings in Resources */ = {isa = PBXBuildFile; fileRef = 27A09D9A2F5F1D0800C05333 /* VSTEP-Writing-InfoPlist.xcstrings */; };
		27B614C92F602A9C00BBCFD5 /* VSTEP Writing for Watch.app in Embed Watch Content */ = {isa = PBXBuildFile; fileRef = 27B614BF2F602A9A00BBCFD5 /* VSTEP Writing for Watch.app */; settings = {ATTRIBUTES = (RemoveHeadersOnCopy, ); }; };
/* End PBXBuildFile section */

/* Begin PBXContainerItemProxy section */
		27B614C72F602A9C00BBCFD5 /* PBXContainerItemProxy */ = {
			isa = PBXContainerItemProxy;
			containerPortal = 272C3ADF2F34E4AF0061A8A3 /* Project object */;
			proxyType = 1;
			remoteGlobalIDString = 27B614BE2F602A9A00BBCFD5;
			remoteInfo = "VSTEP Writing for Watch Watch App";
		};
/* End PBXContainerItemProxy section */

/* Begin PBXCopyFilesBuildPhase section */
		27B614CA2F602A9C00BBCFD5 /* Embed Watch Content */ = {
			isa = PBXCopyFilesBuildPhase;
			buildActionMask = 2147483647;
			dstPath = "$(CONTENTS_FOLDER_PATH)/Watch";
			dstSubfolderSpec = 16;
			files = (
				27B614C92F602A9C00BBCFD5 /* VSTEP Writing for Watch.app in Embed Watch Content */,
			);
			name = "Embed Watch Content";
			runOnlyForDeploymentPostprocessing = 0;
		};
/* End PBXCopyFilesBuildPhase section */

/* Begin PBXFileReference section */
		272C3AE72F34E4AF0061A8A3 /* VSTEP Writing.app */ = {isa = PBXFileReference; explicitFileType = wrapper.application; includeInIndex = 0; path = "VSTEP Writing.app"; sourceTree = BUILT_PRODUCTS_DIR; };
		27A09D982F5F05F400C05333 /* Localizable.xcstrings */ = {isa = PBXFileReference; lastKnownFileType = text.json.xcstrings; path = Localizable.xcstrings; sourceTree = "<group>"; };
		27A09D9A2F5F1D0800C05333 /* VSTEP-Writing-InfoPlist.xcstrings */ = {isa = PBXFileReference; lastKnownFileType = text.json.xcstrings; path = "VSTEP-Writing-InfoPlist.xcstrings"; sourceTree = "<group>"; };
		27B614BF2F602A9A00BBCFD5 /* VSTEP Writing for Watch.app */ = {isa = PBXFileReference; explicitFileType = wrapper.application; includeInIndex = 0; path = "VSTEP Writing for Watch.app"; sourceTree = BUILT_PRODUCTS_DIR; };
/* End PBXFileReference section */

/* Begin PBXFileSystemSynchronizedBuildFileExceptionSet section */
		2792BC462F606221002DF27F /* Exceptions for "Share" folder in "VSTEP Writing for Watch" target */ = {
			isa = PBXFileSystemSynchronizedBuildFileExceptionSet;
			membershipExceptions = (
				WatchMessageKeys.swift,
			);
			target = 27B614BE2F602A9A00BBCFD5 /* VSTEP Writing for Watch */;
		};
		27CA9FA42F602D2B003B8A32 /* Exceptions for "VSTEP Writing" folder in "VSTEP Writing for Watch" target */ = {
			isa = PBXFileSystemSynchronizedBuildFileExceptionSet;
			membershipExceptions = (
				Core/BrandColors.swift,
				"GoogleService-Info.plist",
			);
			target = 27B614BE2F602A9A00BBCFD5 /* VSTEP Writing for Watch */;
		};
/* End PBXFileSystemSynchronizedBuildFileExceptionSet section */

/* Begin PBXFileSystemSynchronizedRootGroup section */
		272C3AE92F34E4AF0061A8A3 /* VSTEP Writing */ = {
			isa = PBXFileSystemSynchronizedRootGroup;
			exceptions = (
				27CA9FA42F602D2B003B8A32 /* Exceptions for "VSTEP Writing" folder in "VSTEP Writing for Watch" target */,
			);
			path = "VSTEP Writing";
			sourceTree = "<group>";
		};
		2792BC3F2F6061F1002DF27F /* Share */ = {
			isa = PBXFileSystemSynchronizedRootGroup;
			exceptions = (
				2792BC462F606221002DF27F /* Exceptions for "Share" folder in "VSTEP Writing for Watch" target */,
			);
			path = Share;
			sourceTree = "<group>";
		};
		27B614C02F602A9A00BBCFD5 /* VSTEP Writing for Watch */ = {
			isa = PBXFileSystemSynchronizedRootGroup;
			path = "VSTEP Writing for Watch";
			sourceTree = "<group>";
		};
/* End PBXFileSystemSynchronizedRootGroup section */

/* Begin PBXFrameworksBuildPhase section */
		272C3AE42F34E4AF0061A8A3 /* Frameworks */ = {
			isa = PBXFrameworksBuildPhase;
			buildActionMask = 2147483647;
			files = (
				271207322F5DA1CD0026819A /* FirebaseFunctions in Frameworks */,
				271207202F5DA1CD0026819A /* FirebaseAppCheck in Frameworks */,
				271207242F5DA1CD0026819A /* FirebaseAuth in Frameworks */,
				271207422F5DA1CD0026819A /* FirebaseStorage in Frameworks */,
				271207182F5DA1CD0026819A /* FirebaseAILogic in Frameworks */,
				2712071C2F5DA1CD0026819A /* FirebaseAnalyticsCore in Frameworks */,
				2783EF512F3579A300F21398 /* GoogleSignInSwift in Frameworks */,
				2712073A2F5DA1CD0026819A /* FirebaseMLModelDownloader in Frameworks */,
				2712071E2F5DA1CD0026819A /* FirebaseAnalyticsIdentitySupport in Frameworks */,
				271207262F5DA1CD0026819A /* FirebaseAuthCombine-Community in Frameworks */,
				2783EF4F2F3579A300F21398 /* GoogleSignIn in Frameworks */,
				2712072E2F5DA1CD0026819A /* FirebaseFirestore in Frameworks */,
				271207302F5DA1CD0026819A /* FirebaseFirestoreCombine-Community in Frameworks */,
				271207362F5DA1CD0026819A /* FirebaseInAppMessaging-Beta in Frameworks */,
				271207342F5DA1CD0026819A /* FirebaseFunctionsCombine-Community in Frameworks */,
				2712071A2F5DA1CD0026819A /* FirebaseAnalytics in Frameworks */,
				271207442F5DA1CD0026819A /* FirebaseStorageCombine-Community in Frameworks */,
				271207402F5DA1CD0026819A /* FirebaseRemoteConfig in Frameworks */,
				2712072A2F5DA1CD0026819A /* FirebaseCrashlytics in Frameworks */,
				271207162F5DA1CD0026819A /* FirebaseAI in Frameworks */,
				2712073E2F5DA1CD0026819A /* FirebasePerformance in Frameworks */,
				271207282F5DA1CD0026819A /* FirebaseCore in Frameworks */,
				2712072C2F5DA1CD0026819A /* FirebaseDatabase in Frameworks */,
				271207222F5DA1CD0026819A /* FirebaseAppDistribution-Beta in Frameworks */,
				2712073C2F5DA1CD0026819A /* FirebaseMessaging in Frameworks */,
				271207382F5DA1CD0026819A /* FirebaseInstallations in Frameworks */,
			);
			runOnlyForDeploymentPostprocessing = 0;
		};
		27B614BC2F602A9A00BBCFD5 /* Frameworks */ = {
			isa = PBXFrameworksBuildPhase;
			buildActionMask = 2147483647;
			files = (
			);
			runOnlyForDeploymentPostprocessing = 0;
		};
/* End PBXFrameworksBuildPhase section */

/* Begin PBXGroup section */
		272C3ADE2F34E4AF0061A8A3 = {
			isa = PBXGroup;
			children = (
				27A09D982F5F05F400C05333 /* Localizable.xcstrings */,
				27A09D9A2F5F1D0800C05333 /* VSTEP-Writing-InfoPlist.xcstrings */,
				272C3AE92F34E4AF0061A8A3 /* VSTEP Writing */,
				2792BC3F2F6061F1002DF27F /* Share */,
				27B614C02F602A9A00BBCFD5 /* VSTEP Writing for Watch */,
				272C3AE82F34E4AF0061A8A3 /* Products */,
			);
			sourceTree = "<group>";
		};
		272C3AE82F34E4AF0061A8A3 /* Products */ = {
			isa = PBXGroup;
			children = (
				272C3AE72F34E4AF0061A8A3 /* VSTEP Writing.app */,
				27B614BF2F602A9A00BBCFD5 /* VSTEP Writing for Watch.app */,
			);
			name = Products;
			sourceTree = "<group>";
		};
/* End PBXGroup section */

/* Begin PBXNativeTarget section */
		272C3AE62F34E4AF0061A8A3 /* VSTEP Writing */ = {
			isa = PBXNativeTarget;
			buildConfigurationList = 272C3AF22F34E4B10061A8A3 /* Build configuration list for PBXNativeTarget "VSTEP Writing" */;
			buildPhases = (
				272C3AE32F34E4AF0061A8A3 /* Sources */,
				272C3AE42F34E4AF0061A8A3 /* Frameworks */,
				272C3AE52F34E4AF0061A8A3 /* Resources */,
				27B614CA2F602A9C00BBCFD5 /* Embed Watch Content */,
			);
			buildRules = (
			);
			dependencies = (
				27B614C82F602A9C00BBCFD5 /* PBXTargetDependency */,
			);
			fileSystemSynchronizedGroups = (
				272C3AE92F34E4AF0061A8A3 /* VSTEP Writing */,
				2792BC3F2F6061F1002DF27F /* Share */,
			);
			name = "VSTEP Writing";
			packageProductDependencies = (
				2783EF4E2F3579A300F21398 /* GoogleSignIn */,
				2783EF502F3579A300F21398 /* GoogleSignInSwift */,
				271207152F5DA1CD0026819A /* FirebaseAI */,
				271207172F5DA1CD0026819A /* FirebaseAILogic */,
				271207192F5DA1CD0026819A /* FirebaseAnalytics */,
				2712071B2F5DA1CD0026819A /* FirebaseAnalyticsCore */,
				2712071D2F5DA1CD0026819A /* FirebaseAnalyticsIdentitySupport */,
				2712071F2F5DA1CD0026819A /* FirebaseAppCheck */,
				271207212F5DA1CD0026819A /* FirebaseAppDistribution-Beta */,
				271207232F5DA1CD0026819A /* FirebaseAuth */,
				271207252F5DA1CD0026819A /* FirebaseAuthCombine-Community */,
				271207272F5DA1CD0026819A /* FirebaseCore */,
				271207292F5DA1CD0026819A /* FirebaseCrashlytics */,
				2712072B2F5DA1CD0026819A /* FirebaseDatabase */,
				2712072D2F5DA1CD0026819A /* FirebaseFirestore */,
				2712072F2F5DA1CD0026819A /* FirebaseFirestoreCombine-Community */,
				271207312F5DA1CD0026819A /* FirebaseFunctions */,
				271207332F5DA1CD0026819A /* FirebaseFunctionsCombine-Community */,
				271207352F5DA1CD0026819A /* FirebaseInAppMessaging-Beta */,
				271207372F5DA1CD0026819A /* FirebaseInstallations */,
				271207392F5DA1CD0026819A /* FirebaseMLModelDownloader */,
				2712073B2F5DA1CD0026819A /* FirebaseMessaging */,
				2712073D2F5DA1CD0026819A /* FirebasePerformance */,
				2712073F2F5DA1CD0026819A /* FirebaseRemoteConfig */,
				271207412F5DA1CD0026819A /* FirebaseStorage */,
				271207432F5DA1CD0026819A /* FirebaseStorageCombine-Community */,
			);
			productName = "VSTEP Writing";
			productReference = 272C3AE72F34E4AF0061A8A3 /* VSTEP Writing.app */;
			productType = "com.apple.product-type.application";
		};
		27B614BE2F602A9A00BBCFD5 /* VSTEP Writing for Watch */ = {
			isa = PBXNativeTarget;
			buildConfigurationList = 27B614CD2F602A9C00BBCFD5 /* Build configuration list for PBXNativeTarget "VSTEP Writing for Watch" */;
			buildPhases = (
				27B614BB2F602A9A00BBCFD5 /* Sources */,
				27B614BC2F602A9A00BBCFD5 /* Frameworks */,
				27B614BD2F602A9A00BBCFD5 /* Resources */,
			);
			buildRules = (
			);
			dependencies = (
			);
			fileSystemSynchronizedGroups = (
				27B614C02F602A9A00BBCFD5 /* VSTEP Writing for Watch */,
			);
			name = "VSTEP Writing for Watch";
			packageProductDependencies = (
			);
			productName = "VSTEP Writing for Watch Watch App";
			productReference = 27B614BF2F602A9A00BBCFD5 /* VSTEP Writing for Watch.app */;
			productType = "com.apple.product-type.application";
		};
/* End PBXNativeTarget section */

/* Begin PBXProject section */
		272C3ADF2F34E4AF0061A8A3 /* Project object */ = {
			isa = PBXProject;
			attributes = {
				BuildIndependentTargetsInParallel = 1;
				LastSwiftUpdateCheck = 2640;
				LastUpgradeCheck = 2640;
				TargetAttributes = {
					272C3AE62F34E4AF0061A8A3 = {
						CreatedOnToolsVersion = 26.3;
					};
					27B614BE2F602A9A00BBCFD5 = {
						CreatedOnToolsVersion = 26.4;
					};
				};
			};
			buildConfigurationList = 272C3AE22F34E4AF0061A8A3 /* Build configuration list for PBXProject "VSTEP Writing" */;
			developmentRegion = en;
			hasScannedForEncodings = 0;
			knownRegions = (
				en,
				Base,
				vi,
			);
			mainGroup = 272C3ADE2F34E4AF0061A8A3;
			minimizedProjectReferenceProxies = 1;
			packageReferences = (
				2783EF4D2F3579A300F21398 /* XCRemoteSwiftPackageReference "GoogleSignIn-iOS" */,
				271207142F5DA1CD0026819A /* XCRemoteSwiftPackageReference "firebase-ios-sdk" */,
			);
			preferredProjectObjectVersion = 77;
			productRefGroup = 272C3AE82F34E4AF0061A8A3 /* Products */;
			projectDirPath = "";
			projectRoot = "";
			targets = (
				272C3AE62F34E4AF0061A8A3 /* VSTEP Writing */,
				27B614BE2F602A9A00BBCFD5 /* VSTEP Writing for Watch */,
			);
		};
/* End PBXProject section */

/* Begin PBXResourcesBuildPhase section */
		272C3AE52F34E4AF0061A8A3 /* Resources */ = {
			isa = PBXResourcesBuildPhase;
			buildActionMask = 2147483647;
			files = (
				27A09D9B2F5F1D0800C05333 /* VSTEP-Writing-InfoPlist.xcstrings in Resources */,
				27A09D992F5F05F400C05333 /* Localizable.xcstrings in Resources */,
			);
			runOnlyForDeploymentPostprocessing = 0;
		};
		27B614BD2F602A9A00BBCFD5 /* Resources */ = {
			isa = PBXResourcesBuildPhase;
			buildActionMask = 2147483647;
			files = (
			);
			runOnlyForDeploymentPostprocessing = 0;
		};
/* End PBXResourcesBuildPhase section */

/* Begin PBXSourcesBuildPhase section */
		272C3AE32F34E4AF0061A8A3 /* Sources */ = {
			isa = PBXSourcesBuildPhase;
			buildActionMask = 2147483647;
			files = (
			);
			runOnlyForDeploymentPostprocessing = 0;
		};
		27B614BB2F602A9A00BBCFD5 /* Sources */ = {
			isa = PBXSourcesBuildPhase;
			buildActionMask = 2147483647;
			files = (
			);
			runOnlyForDeploymentPostprocessing = 0;
		};
/* End PBXSourcesBuildPhase section */

/* Begin PBXTargetDependency section */
		27B614C82F602A9C00BBCFD5 /* PBXTargetDependency */ = {
			isa = PBXTargetDependency;
			target = 27B614BE2F602A9A00BBCFD5 /* VSTEP Writing for Watch */;
			targetProxy = 27B614C72F602A9C00BBCFD5 /* PBXContainerItemProxy */;
		};
/* End PBXTargetDependency section */

/* Begin XCBuildConfiguration section */
		272C3AF02F34E4B10061A8A3 /* Debug */ = {
			isa = XCBuildConfiguration;
			buildSettings = {
				ALWAYS_EMBED_SWIFT_STANDARD_LIBRARIES = YES;
				ALWAYS_SEARCH_USER_PATHS = NO;
				ASSETCATALOG_COMPILER_GENERATE_SWIFT_ASSET_SYMBOL_EXTENSIONS = YES;
				CLANG_ANALYZER_LOCALIZABILITY_NONLOCALIZED = YES;
				CLANG_ANALYZER_NONNULL = YES;
				CLANG_ANALYZER_NUMBER_OBJECT_CONVERSION = YES_AGGRESSIVE;
				CLANG_CXX_LANGUAGE_STANDARD = "gnu++20";
				CLANG_ENABLE_MODULES = YES;
				CLANG_ENABLE_OBJC_ARC = YES;
				CLANG_ENABLE_OBJC_WEAK = YES;
				CLANG_WARN_BLOCK_CAPTURE_AUTORELEASING = YES;
				CLANG_WARN_BOOL_CONVERSION = YES;
				CLANG_WARN_COMMA = YES;
				CLANG_WARN_CONSTANT_CONVERSION = YES;
				CLANG_WARN_DEPRECATED_OBJC_IMPLEMENTATIONS = YES;
				CLANG_WARN_DIRECT_OBJC_ISA_USAGE = YES_ERROR;
				CLANG_WARN_DOCUMENTATION_COMMENTS = YES;
				CLANG_WARN_EMPTY_BODY = YES;
				CLANG_WARN_ENUM_CONVERSION = YES;
				CLANG_WARN_INFINITE_RECURSION = YES;
				CLANG_WARN_INT_CONVERSION = YES;
				CLANG_WARN_NON_LITERAL_NULL_CONVERSION = YES;
				CLANG_WARN_OBJC_IMPLICIT_RETAIN_SELF = YES;
				CLANG_WARN_OBJC_LITERAL_CONVERSION = YES;
				CLANG_WARN_OBJC_ROOT_CLASS = YES_ERROR;
				CLANG_WARN_QUOTED_INCLUDE_IN_FRAMEWORK_HEADER = YES;
				CLANG_WARN_RANGE_LOOP_ANALYSIS = YES;
				CLANG_WARN_STRICT_PROTOTYPES = YES;
				CLANG_WARN_SUSPICIOUS_MOVE = YES;
				CLANG_WARN_UNGUARDED_AVAILABILITY = YES_AGGRESSIVE;
				CLANG_WARN_UNREACHABLE_CODE = YES;
				CLANG_WARN__DUPLICATE_METHOD_MATCH = YES;
				COPY_PHASE_STRIP = NO;
				DEBUG_INFORMATION_FORMAT = dwarf;
				DEFINES_MODULE = YES;
				DEVELOPMENT_TEAM = RX33YUMV36;
				ENABLE_STRICT_OBJC_MSGSEND = YES;
				ENABLE_TESTABILITY = YES;
				ENABLE_USER_SCRIPT_SANDBOXING = YES;
				GCC_C_LANGUAGE_STANDARD = gnu17;
				GCC_DYNAMIC_NO_PIC = NO;
				GCC_NO_COMMON_BLOCKS = YES;
				GCC_OPTIMIZATION_LEVEL = 0;
				GCC_PREPROCESSOR_DEFINITIONS = (
					"DEBUG=1",
					"$(inherited)",
				);
				GCC_WARN_64_TO_32_BIT_CONVERSION = YES;
				GCC_WARN_ABOUT_RETURN_TYPE = YES_ERROR;
				GCC_WARN_UNDECLARED_SELECTOR = YES;
				GCC_WARN_UNINITIALIZED_AUTOS = YES_AGGRESSIVE;
				GCC_WARN_UNUSED_FUNCTION = YES;
				GCC_WARN_UNUSED_VARIABLE = YES;
				IPHONEOS_DEPLOYMENT_TARGET = 26.0;
				LOCALIZATION_PREFERS_STRING_CATALOGS = YES;
				MTL_ENABLE_DEBUG_INFO = INCLUDE_SOURCE;
				MTL_FAST_MATH = YES;
				ONLY_ACTIVE_ARCH = YES;
				SDKROOT = iphoneos;
				STRING_CATALOG_GENERATE_SYMBOLS = YES;
				SWIFT_ACTIVE_COMPILATION_CONDITIONS = "DEBUG $(inherited)";
				SWIFT_EMIT_LOC_STRINGS = YES;
				SWIFT_OPTIMIZATION_LEVEL = "-Onone";
				WATCHOS_DEPLOYMENT_TARGET = 26.0;
			};
			name = Debug;
		};
		272C3AF12F34E4B10061A8A3 /* Release */ = {
			isa = XCBuildConfiguration;
			buildSettings = {
				ALWAYS_EMBED_SWIFT_STANDARD_LIBRARIES = YES;
				ALWAYS_SEARCH_USER_PATHS = NO;
				ASSETCATALOG_COMPILER_GENERATE_SWIFT_ASSET_SYMBOL_EXTENSIONS = YES;
				CLANG_ANALYZER_LOCALIZABILITY_NONLOCALIZED = YES;
				CLANG_ANALYZER_NONNULL = YES;
				CLANG_ANALYZER_NUMBER_OBJECT_CONVERSION = YES_AGGRESSIVE;
				CLANG_CXX_LANGUAGE_STANDARD = "gnu++20";
				CLANG_ENABLE_MODULES = YES;
				CLANG_ENABLE_OBJC_ARC = YES;
				CLANG_ENABLE_OBJC_WEAK = YES;
				CLANG_WARN_BLOCK_CAPTURE_AUTORELEASING = YES;
				CLANG_WARN_BOOL_CONVERSION = YES;
				CLANG_WARN_COMMA = YES;
				CLANG_WARN_CONSTANT_CONVERSION = YES;
				CLANG_WARN_DEPRECATED_OBJC_IMPLEMENTATIONS = YES;
				CLANG_WARN_DIRECT_OBJC_ISA_USAGE = YES_ERROR;
				CLANG_WARN_DOCUMENTATION_COMMENTS = YES;
				CLANG_WARN_EMPTY_BODY = YES;
				CLANG_WARN_ENUM_CONVERSION = YES;
				CLANG_WARN_INFINITE_RECURSION = YES;
				CLANG_WARN_INT_CONVERSION = YES;
				CLANG_WARN_NON_LITERAL_NULL_CONVERSION = YES;
				CLANG_WARN_OBJC_IMPLICIT_RETAIN_SELF = YES;
				CLANG_WARN_OBJC_LITERAL_CONVERSION = YES;
				CLANG_WARN_OBJC_ROOT_CLASS = YES_ERROR;
				CLANG_WARN_QUOTED_INCLUDE_IN_FRAMEWORK_HEADER = YES;
				CLANG_WARN_RANGE_LOOP_ANALYSIS = YES;
				CLANG_WARN_STRICT_PROTOTYPES = YES;
				CLANG_WARN_SUSPICIOUS_MOVE = YES;
				CLANG_WARN_UNGUARDED_AVAILABILITY = YES_AGGRESSIVE;
				CLANG_WARN_UNREACHABLE_CODE = YES;
				CLANG_WARN__DUPLICATE_METHOD_MATCH = YES;
				COPY_PHASE_STRIP = NO;
				DEBUG_INFORMATION_FORMAT = "dwarf-with-dsym";
				DEFINES_MODULE = YES;
				DEVELOPMENT_TEAM = RX33YUMV36;
				ENABLE_NS_ASSERTIONS = NO;
				ENABLE_STRICT_OBJC_MSGSEND = YES;
				ENABLE_USER_SCRIPT_SANDBOXING = YES;
				GCC_C_LANGUAGE_STANDARD = gnu17;
				GCC_NO_COMMON_BLOCKS = YES;
				GCC_WARN_64_TO_32_BIT_CONVERSION = YES;
				GCC_WARN_ABOUT_RETURN_TYPE = YES_ERROR;
				GCC_WARN_UNDECLARED_SELECTOR = YES;
				GCC_WARN_UNINITIALIZED_AUTOS = YES_AGGRESSIVE;
				GCC_WARN_UNUSED_FUNCTION = YES;
				GCC_WARN_UNUSED_VARIABLE = YES;
				IPHONEOS_DEPLOYMENT_TARGET = 26.0;
				LOCALIZATION_PREFERS_STRING_CATALOGS = YES;
				MTL_ENABLE_DEBUG_INFO = NO;
				MTL_FAST_MATH = YES;
				SDKROOT = iphoneos;
				STRING_CATALOG_GENERATE_SYMBOLS = YES;
				SWIFT_COMPILATION_MODE = wholemodule;
				SWIFT_EMIT_LOC_STRINGS = YES;
				VALIDATE_PRODUCT = YES;
				WATCHOS_DEPLOYMENT_TARGET = 26.0;
			};
			name = Release;
		};
		272C3AF32F34E4B10061A8A3 /* Debug */ = {
			isa = XCBuildConfiguration;
			buildSettings = {
				ASSETCATALOG_COMPILER_APPICON_NAME = AppIcon;
				ASSETCATALOG_COMPILER_GLOBAL_ACCENT_COLOR_NAME = AccentColor;
				CODE_SIGN_ENTITLEMENTS = "VSTEP Writing/VSTEP Writing.entitlements";
				CODE_SIGN_IDENTITY = "Apple Development";
				CODE_SIGN_STYLE = Automatic;
				CURRENT_PROJECT_VERSION = 1;
				DEVELOPMENT_TEAM = RX33YUMV36;
				ENABLE_PREVIEWS = YES;
				GENERATE_INFOPLIST_FILE = YES;
				INFOPLIST_FILE = "VSTEP-Writing-Info.plist";
				INFOPLIST_KEY_CFBundleDisplayName = "VSTEP Writing";
				INFOPLIST_KEY_LSApplicationCategoryType = "public.app-category.education";
				INFOPLIST_KEY_NSBluetoothAlwaysUsageDescription = "This app uses Bluetooth for enhanced connectivity features.";
				INFOPLIST_KEY_NSFaceIDUsageDescription = "Use Face ID to quickly and securely sign in to your account";
				INFOPLIST_KEY_UIApplicationSceneManifest_Generation = YES;
				INFOPLIST_KEY_UIApplicationSupportsIndirectInputEvents = YES;
				INFOPLIST_KEY_UILaunchScreen_Generation = YES;
				INFOPLIST_KEY_UISupportedInterfaceOrientations_iPad = "UIInterfaceOrientationPortrait UIInterfaceOrientationPortraitUpsideDown UIInterfaceOrientationLandscapeLeft UIInterfaceOrientationLandscapeRight";
				INFOPLIST_KEY_UISupportedInterfaceOrientations_iPhone = "UIInterfaceOrientationPortrait UIInterfaceOrientationLandscapeLeft UIInterfaceOrientationLandscapeRight";
				IPHONEOS_DEPLOYMENT_TARGET = 26.0;
				LD_RUNPATH_SEARCH_PATHS = (
					"$(inherited)",
					"@executable_path/Frameworks",
				);
				MARKETING_VERSION = 2.0;
				PRODUCT_BUNDLE_IDENTIFIER = "vinhhaphoi.com.VSTEP-Writing";
				PRODUCT_NAME = "$(TARGET_NAME)";
				PROVISIONING_PROFILE_SPECIFIER = "";
				STRING_CATALOG_GENERATE_SYMBOLS = YES;
				SWIFT_APPROACHABLE_CONCURRENCY = YES;
				SWIFT_DEFAULT_ACTOR_ISOLATION = MainActor;
				SWIFT_EMIT_LOC_STRINGS = YES;
				SWIFT_UPCOMING_FEATURE_MEMBER_IMPORT_VISIBILITY = YES;
				SWIFT_VERSION = 5.0;
				TARGETED_DEVICE_FAMILY = "1,2";
			};
			name = Debug;
		};
		272C3AF42F34E4B10061A8A3 /* Release */ = {
			isa = XCBuildConfiguration;
			buildSettings = {
				ASSETCATALOG_COMPILER_APPICON_NAME = AppIcon;
				ASSETCATALOG_COMPILER_GLOBAL_ACCENT_COLOR_NAME = AccentColor;
				CODE_SIGN_ENTITLEMENTS = "VSTEP Writing/VSTEP Writing.entitlements";
				CODE_SIGN_IDENTITY = "Apple Development";
				CODE_SIGN_STYLE = Automatic;
				CURRENT_PROJECT_VERSION = 1;
				DEVELOPMENT_TEAM = RX33YUMV36;
				ENABLE_PREVIEWS = YES;
				GENERATE_INFOPLIST_FILE = YES;
				INFOPLIST_FILE = "VSTEP-Writing-Info.plist";
				INFOPLIST_KEY_CFBundleDisplayName = "VSTEP Writing";
				INFOPLIST_KEY_LSApplicationCategoryType = "public.app-category.education";
				INFOPLIST_KEY_NSBluetoothAlwaysUsageDescription = "This app uses Bluetooth for enhanced connectivity features.";
				INFOPLIST_KEY_NSFaceIDUsageDescription = "Use Face ID to quickly and securely sign in to your account";
				INFOPLIST_KEY_UIApplicationSceneManifest_Generation = YES;
				INFOPLIST_KEY_UIApplicationSupportsIndirectInputEvents = YES;
				INFOPLIST_KEY_UILaunchScreen_Generation = YES;
				INFOPLIST_KEY_UISupportedInterfaceOrientations_iPad = "UIInterfaceOrientationPortrait UIInterfaceOrientationPortraitUpsideDown UIInterfaceOrientationLandscapeLeft UIInterfaceOrientationLandscapeRight";
				INFOPLIST_KEY_UISupportedInterfaceOrientations_iPhone = "UIInterfaceOrientationPortrait UIInterfaceOrientationLandscapeLeft UIInterfaceOrientationLandscapeRight";
				IPHONEOS_DEPLOYMENT_TARGET = 26.0;
				LD_RUNPATH_SEARCH_PATHS = (
					"$(inherited)",
					"@executable_path/Frameworks",
				);
				MARKETING_VERSION = 2.0;
				PRODUCT_BUNDLE_IDENTIFIER = "vinhhaphoi.com.VSTEP-Writing";
				PRODUCT_NAME = "$(TARGET_NAME)";
				PROVISIONING_PROFILE_SPECIFIER = "";
				STRING_CATALOG_GENERATE_SYMBOLS = YES;
				SWIFT_APPROACHABLE_CONCURRENCY = YES;
				SWIFT_DEFAULT_ACTOR_ISOLATION = MainActor;
				SWIFT_EMIT_LOC_STRINGS = YES;
				SWIFT_UPCOMING_FEATURE_MEMBER_IMPORT_VISIBILITY = YES;
				SWIFT_VERSION = 5.0;
				TARGETED_DEVICE_FAMILY = "1,2";
			};
			name = Release;
		};
		27B614CB2F602A9C00BBCFD5 /* Debug */ = {
			isa = XCBuildConfiguration;
			buildSettings = {
				ALWAYS_EMBED_SWIFT_STANDARD_LIBRARIES = NO;
				ASSETCATALOG_COMPILER_APPICON_NAME = AppIcon;
				ASSETCATALOG_COMPILER_GLOBAL_ACCENT_COLOR_NAME = AccentColor;
				ASSETCATALOG_COMPILER_INCLUDE_ALL_APPICON_ASSETS = YES;
				CODE_SIGN_IDENTITY = "Apple Development";
				CODE_SIGN_STYLE = Automatic;
				CURRENT_PROJECT_VERSION = 1;
				DEFINES_MODULE = YES;
				DEVELOPMENT_TEAM = RX33YUMV36;
				ENABLE_PREVIEWS = YES;
				GENERATE_INFOPLIST_FILE = YES;
				INFOPLIST_KEY_CFBundleDisplayName = "VSTEP Writing for Watch";
				INFOPLIST_KEY_UISupportedInterfaceOrientations = "UIInterfaceOrientationPortrait UIInterfaceOrientationPortraitUpsideDown";
				INFOPLIST_KEY_WKCompanionAppBundleIdentifier = "vinhhaphoi.com.VSTEP-Writing";
				INFOPLIST_KEY_WKRunsIndependentlyOfCompanionApp = NO;
				LD_RUNPATH_SEARCH_PATHS = (
					"$(inherited)",
					"@executable_path/Frameworks",
				);
				MARKETING_VERSION = 2.0;
				PRODUCT_BUNDLE_IDENTIFIER = "vinhhaphoi.com.VSTEP-Writing.watchkitapp";
				PRODUCT_NAME = "$(TARGET_NAME)";
				PROVISIONING_PROFILE_SPECIFIER = "";
				SDKROOT = watchos;
				SKIP_INSTALL = YES;
				STRING_CATALOG_GENERATE_SYMBOLS = YES;
				SWIFT_APPROACHABLE_CONCURRENCY = YES;
				SWIFT_DEFAULT_ACTOR_ISOLATION = MainActor;
				SWIFT_EMIT_LOC_STRINGS = YES;
				SWIFT_UPCOMING_FEATURE_MEMBER_IMPORT_VISIBILITY = YES;
				SWIFT_VERSION = 5.0;
				TARGETED_DEVICE_FAMILY = 4;
				WATCHOS_DEPLOYMENT_TARGET = 26.0;
			};
			name = Debug;
		};
		27B614CC2F602A9C00BBCFD5 /* Release */ = {
			isa = XCBuildConfiguration;
			buildSettings = {
				ALWAYS_EMBED_SWIFT_STANDARD_LIBRARIES = NO;
				ASSETCATALOG_COMPILER_APPICON_NAME = AppIcon;
				ASSETCATALOG_COMPILER_GLOBAL_ACCENT_COLOR_NAME = AccentColor;
				ASSETCATALOG_COMPILER_INCLUDE_ALL_APPICON_ASSETS = YES;
				CODE_SIGN_IDENTITY = "Apple Development";
				CODE_SIGN_STYLE = Automatic;
				CURRENT_PROJECT_VERSION = 1;
				DEFINES_MODULE = YES;
				DEVELOPMENT_TEAM = RX33YUMV36;
				ENABLE_PREVIEWS = YES;
				GENERATE_INFOPLIST_FILE = YES;
				INFOPLIST_KEY_CFBundleDisplayName = "VSTEP Writing for Watch";
				INFOPLIST_KEY_UISupportedInterfaceOrientations = "UIInterfaceOrientationPortrait UIInterfaceOrientationPortraitUpsideDown";
				INFOPLIST_KEY_WKCompanionAppBundleIdentifier = "vinhhaphoi.com.VSTEP-Writing";
				INFOPLIST_KEY_WKRunsIndependentlyOfCompanionApp = NO;
				LD_RUNPATH_SEARCH_PATHS = (
					"$(inherited)",
					"@executable_path/Frameworks",
				);
				MARKETING_VERSION = 2.0;
				PRODUCT_BUNDLE_IDENTIFIER = "vinhhaphoi.com.VSTEP-Writing.watchkitapp";
				PRODUCT_NAME = "$(TARGET_NAME)";
				PROVISIONING_PROFILE_SPECIFIER = "";
				SDKROOT = watchos;
				SKIP_INSTALL = YES;
				STRING_CATALOG_GENERATE_SYMBOLS = YES;
				SWIFT_APPROACHABLE_CONCURRENCY = YES;
				SWIFT_DEFAULT_ACTOR_ISOLATION = MainActor;
				SWIFT_EMIT_LOC_STRINGS = YES;
				SWIFT_UPCOMING_FEATURE_MEMBER_IMPORT_VISIBILITY = YES;
				SWIFT_VERSION = 5.0;
				TARGETED_DEVICE_FAMILY = 4;
				WATCHOS_DEPLOYMENT_TARGET = 26.0;
			};
			name = Release;
		};
/* End XCBuildConfiguration section */

/* Begin XCConfigurationList section */
		272C3AE22F34E4AF0061A8A3 /* Build configuration list for PBXProject "VSTEP Writing" */ = {
			isa = XCConfigurationList;
			buildConfigurations = (
				272C3AF02F34E4B10061A8A3 /* Debug */,
				272C3AF12F34E4B10061A8A3 /* Release */,
			);
			defaultConfigurationIsVisible = 0;
			defaultConfigurationName = Release;
		};
		272C3AF22F34E4B10061A8A3 /* Build configuration list for PBXNativeTarget "VSTEP Writing" */ = {
			isa = XCConfigurationList;
			buildConfigurations = (
				272C3AF32F34E4B10061A8A3 /* Debug */,
				272C3AF42F34E4B10061A8A3 /* Release */,
			);
			defaultConfigurationIsVisible = 0;
			defaultConfigurationName = Release;
		};
		27B614CD2F602A9C00BBCFD5 /* Build configuration list for PBXNativeTarget "VSTEP Writing for Watch" */ = {
			isa = XCConfigurationList;
			buildConfigurations = (
				27B614CB2F602A9C00BBCFD5 /* Debug */,
				27B614CC2F602A9C00BBCFD5 /* Release */,
			);
			defaultConfigurationIsVisible = 0;
			defaultConfigurationName = Release;
		};
/* End XCConfigurationList section */

/* Begin XCRemoteSwiftPackageReference section */
		271207142F5DA1CD0026819A /* XCRemoteSwiftPackageReference "firebase-ios-sdk" */ = {
			isa = XCRemoteSwiftPackageReference;
			repositoryURL = "https://github.com/firebase/firebase-ios-sdk";
			requirement = {
				kind = upToNextMajorVersion;
				minimumVersion = 12.10.0;
			};
		};
		2783EF4D2F3579A300F21398 /* XCRemoteSwiftPackageReference "GoogleSignIn-iOS" */ = {
			isa = XCRemoteSwiftPackageReference;
			repositoryURL = "https://github.com/google/GoogleSignIn-iOS.git";
			requirement = {
				kind = upToNextMajorVersion;
				minimumVersion = 9.1.0;
			};
		};
/* End XCRemoteSwiftPackageReference section */

/* Begin XCSwiftPackageProductDependency section */
		271207152F5DA1CD0026819A /* FirebaseAI */ = {
			isa = XCSwiftPackageProductDependency;
			package = 271207142F5DA1CD0026819A /* XCRemoteSwiftPackageReference "firebase-ios-sdk" */;
			productName = FirebaseAI;
		};
		271207172F5DA1CD0026819A /* FirebaseAILogic */ = {
			isa = XCSwiftPackageProductDependency;
			package = 271207142F5DA1CD0026819A /* XCRemoteSwiftPackageReference "firebase-ios-sdk" */;
			productName = FirebaseAILogic;
		};
		271207192F5DA1CD0026819A /* FirebaseAnalytics */ = {
			isa = XCSwiftPackageProductDependency;
			package = 271207142F5DA1CD0026819A /* XCRemoteSwiftPackageReference "firebase-ios-sdk" */;
			productName = FirebaseAnalytics;
		};
		2712071B2F5DA1CD0026819A /* FirebaseAnalyticsCore */ = {
			isa = XCSwiftPackageProductDependency;
			package = 271207142F5DA1CD0026819A /* XCRemoteSwiftPackageReference "firebase-ios-sdk" */;
			productName = FirebaseAnalyticsCore;
		};
		2712071D2F5DA1CD0026819A /* FirebaseAnalyticsIdentitySupport */ = {
			isa = XCSwiftPackageProductDependency;
			package = 271207142F5DA1CD0026819A /* XCRemoteSwiftPackageReference "firebase-ios-sdk" */;
			productName = FirebaseAnalyticsIdentitySupport;
		};
		2712071F2F5DA1CD0026819A /* FirebaseAppCheck */ = {
			isa = XCSwiftPackageProductDependency;
			package = 271207142F5DA1CD0026819A /* XCRemoteSwiftPackageReference "firebase-ios-sdk" */;
			productName = FirebaseAppCheck;
		};
		271207212F5DA1CD0026819A /* FirebaseAppDistribution-Beta */ = {
			isa = XCSwiftPackageProductDependency;
			package = 271207142F5DA1CD0026819A /* XCRemoteSwiftPackageReference "firebase-ios-sdk" */;
			productName = "FirebaseAppDistribution-Beta";
		};
		271207232F5DA1CD0026819A /* FirebaseAuth */ = {
			isa = XCSwiftPackageProductDependency;
			package = 271207142F5DA1CD0026819A /* XCRemoteSwiftPackageReference "firebase-ios-sdk" */;
			productName = FirebaseAuth;
		};
		271207252F5DA1CD0026819A /* FirebaseAuthCombine-Community */ = {
			isa = XCSwiftPackageProductDependency;
			package = 271207142F5DA1CD0026819A /* XCRemoteSwiftPackageReference "firebase-ios-sdk" */;
			productName = "FirebaseAuthCombine-Community";
		};
		271207272F5DA1CD0026819A /* FirebaseCore */ = {
			isa = XCSwiftPackageProductDependency;
			package = 271207142F5DA1CD0026819A /* XCRemoteSwiftPackageReference "firebase-ios-sdk" */;
			productName = FirebaseCore;
		};
		271207292F5DA1CD0026819A /* FirebaseCrashlytics */ = {
			isa = XCSwiftPackageProductDependency;
			package = 271207142F5DA1CD0026819A /* XCRemoteSwiftPackageReference "firebase-ios-sdk" */;
			productName = FirebaseCrashlytics;
		};
		2712072B2F5DA1CD0026819A /* FirebaseDatabase */ = {
			isa = XCSwiftPackageProductDependency;
			package = 271207142F5DA1CD0026819A /* XCRemoteSwiftPackageReference "firebase-ios-sdk" */;
			productName = FirebaseDatabase;
		};
		2712072D2F5DA1CD0026819A /* FirebaseFirestore */ = {
			isa = XCSwiftPackageProductDependency;
			package = 271207142F5DA1CD0026819A /* XCRemoteSwiftPackageReference "firebase-ios-sdk" */;
			productName = FirebaseFirestore;
		};
		2712072F2F5DA1CD0026819A /* FirebaseFirestoreCombine-Community */ = {
			isa = XCSwiftPackageProductDependency;
			package = 271207142F5DA1CD0026819A /* XCRemoteSwiftPackageReference "firebase-ios-sdk" */;
			productName = "FirebaseFirestoreCombine-Community";
		};
		271207312F5DA1CD0026819A /* FirebaseFunctions */ = {
			isa = XCSwiftPackageProductDependency;
			package = 271207142F5DA1CD0026819A /* XCRemoteSwiftPackageReference "firebase-ios-sdk" */;
			productName = FirebaseFunctions;
		};
		271207332F5DA1CD0026819A /* FirebaseFunctionsCombine-Community */ = {
			isa = XCSwiftPackageProductDependency;
			package = 271207142F5DA1CD0026819A /* XCRemoteSwiftPackageReference "firebase-ios-sdk" */;
			productName = "FirebaseFunctionsCombine-Community";
		};
		271207352F5DA1CD0026819A /* FirebaseInAppMessaging-Beta */ = {
			isa = XCSwiftPackageProductDependency;
			package = 271207142F5DA1CD0026819A /* XCRemoteSwiftPackageReference "firebase-ios-sdk" */;
			productName = "FirebaseInAppMessaging-Beta";
		};
		271207372F5DA1CD0026819A /* FirebaseInstallations */ = {
			isa = XCSwiftPackageProductDependency;
			package = 271207142F5DA1CD0026819A /* XCRemoteSwiftPackageReference "firebase-ios-sdk" */;
			productName = FirebaseInstallations;
		};
		271207392F5DA1CD0026819A /* FirebaseMLModelDownloader */ = {
			isa = XCSwiftPackageProductDependency;
			package = 271207142F5DA1CD0026819A /* XCRemoteSwiftPackageReference "firebase-ios-sdk" */;
			productName = FirebaseMLModelDownloader;
		};
		2712073B2F5DA1CD0026819A /* FirebaseMessaging */ = {
			isa = XCSwiftPackageProductDependency;
			package = 271207142F5DA1CD0026819A /* XCRemoteSwiftPackageReference "firebase-ios-sdk" */;
			productName = FirebaseMessaging;
		};
		2712073D2F5DA1CD0026819A /* FirebasePerformance */ = {
			isa = XCSwiftPackageProductDependency;
			package = 271207142F5DA1CD0026819A /* XCRemoteSwiftPackageReference "firebase-ios-sdk" */;
			productName = FirebasePerformance;
		};
		2712073F2F5DA1CD0026819A /* FirebaseRemoteConfig */ = {
			isa = XCSwiftPackageProductDependency;
			package = 271207142F5DA1CD0026819A /* XCRemoteSwiftPackageReference "firebase-ios-sdk" */;
			productName = FirebaseRemoteConfig;
		};
		271207412F5DA1CD0026819A /* FirebaseStorage */ = {
			isa = XCSwiftPackageProductDependency;
			package = 271207142F5DA1CD0026819A /* XCRemoteSwiftPackageReference "firebase-ios-sdk" */;
			productName = FirebaseStorage;
		};
		271207432F5DA1CD0026819A /* FirebaseStorageCombine-Community */ = {
			isa = XCSwiftPackageProductDependency;
			package = 271207142F5DA1CD0026819A /* XCRemoteSwiftPackageReference "firebase-ios-sdk" */;
			productName = "FirebaseStorageCombine-Community";
		};
		2783EF4E2F3579A300F21398 /* GoogleSignIn */ = {
			isa = XCSwiftPackageProductDependency;
			package = 2783EF4D2F3579A300F21398 /* XCRemoteSwiftPackageReference "GoogleSignIn-iOS" */;
			productName = GoogleSignIn;
		};
		2783EF502F3579A300F21398 /* GoogleSignInSwift */ = {
			isa = XCSwiftPackageProductDependency;
			package = 2783EF4D2F3579A300F21398 /* XCRemoteSwiftPackageReference "GoogleSignIn-iOS" */;
			productName = GoogleSignInSwift;
		};
/* End XCSwiftPackageProductDependency section */
	};
	rootObject = 272C3ADF2F34E4AF0061A8A3 /* Project object */;
}
